
Microsoft Visual Studio Solution File, Format Version 12.00
# Visual Studio 15
VisualStudioVersion = 15.0.28307.1401
MinimumVisualStudioVersion = 10.0.40219.1
Project("{FAE04EC0-301F-11D3-BF4B-00C04F79EFBC}") = "WebAPIAccess", "WebAPIAccess\WebAPIAccess.csproj", "{1D872A92-1054-4E96-96B5-2F9AC64FC259}"
EndProject
Global
	GlobalSection(SolutionConfigurationPlatforms) = preSolution
		Debug|Any CPU = Debug|Any CPU
		Release|Any CPU = Release|Any CPU
	EndGlobalSection
	GlobalSection(ProjectConfigurationPlatforms) = postSolution
		{1D872A92-1054-4E96-96B5-2F9AC64FC259}.Debug|Any CPU.ActiveCfg = Debug|Any CPU
		{1D872A92-1054-4E96-96B5-2F9AC64FC259}.Debug|Any CPU.Build.0 = Debug|Any CPU
		{1D872A92-1054-4E96-96B5-2F9AC64FC259}.Release|Any CPU.ActiveCfg = Release|Any CPU
		{1D872A92-1054-4E96-96B5-2F9AC64FC259}.Release|Any CPU.Build.0 = Release|Any CPU
	EndGlobalSection
	GlobalSection(SolutionProperties) = preSolution
		HideSolutionNode = FALSE
	EndGlobalSection
	GlobalSection(ExtensibilityGlobals) = postSolution
		SolutionGuid = {265C7100-F300-4A54-BB45-CD22C82AFB06}
	EndGlobalSection
EndGlobal
